<?xml version="1.0" encoding="utf-8"?>
<Project ToolsVersion="4.0" xmlns="http://schemas.microsoft.com/developer/msbuild/2003">
  <ItemGroup>
    <ClCompile Include="external\imgui\backends\imgui_impl_glfw.cpp" />
    <ClCompile Include="external\imgui\backends\imgui_impl_opengl3.cpp" />
    <ClCompile Include="external\imgui\core\imgui.cpp" />
    <ClCompile Include="external\imgui\core\imgui_draw.cpp" />
    <ClCompile Include="external\imgui\core\imgui_tables.cpp" />
    <ClCompile Include="external\imgui\core\imgui_widgets.cpp" />
    <ClCompile Include="src\Rendering\Camera.cpp" />
    <ClCompile Include="src\UI\DebugUI.cpp" />
    <ClCompile Include="src\Scene\GameObject.cpp" />
    <ClCompile Include="src\Core\GameTime.cpp" />
    <ClCompile Include="src\Input\Input.cpp" />
    <ClCompile Include="src\Core\Main.cpp" />
    <ClCompile Include="src\Core\Engine.cpp" />
    <ClCompile Include="src\Rendering\Mesh.cpp" />
    <ClCompile Include="src\Physics\Physics.cpp" />
    <ClCompile Include="src\Rendering\Renderer.cpp" />
    <ClCompile Include="src\Input\CameraController.cpp" />
    <ClCompile Include="src\Scene\Scene.cpp" />
    <ClCompile Include="src\External\Stb_image.cpp" />
    <ClCompile Include="src\Rendering\Texture.cpp" />
    <ClCompile Include="src\Scene\Transform.cpp" />
    <ClCompile Include="src\UI\Raycast.cpp" />
    <ClCompile Include="src\Physics\PhysicsMaterial.cpp" />
    <ClCompile Include="src\Scene\PhysicsComponent.cpp" />
    <ClCompile Include="src\Editor\Gizmo.cpp" />
    <ClCompile Include="src\Rendering\DirectionalLight.cpp" />
    <ClCompile Include="src\Physics\SpatialGrid.cpp" />
    <ClCompile Include="src\Rendering\Cubemap.cpp" />
    <ClCompile Include="src\Rendering\Skybox.cpp" />
    <ClCompile Include="src\Physics\Constraint.cpp" />
    <ClCompile Include="src\Physics\Constraintpreset.cpp" />
    <ClCompile Include="src\Physics\Constraintregistry.cpp" />
    <ClCompile Include="src\Physics\PhysicsQuery.cpp" />
  </ItemGroup>
  <ItemGroup>
    <ClInclude Include="external\imgui\backends\imgui_impl_glfw.h" />
    <ClInclude Include="external\imgui\backends\imgui_impl_opengl3.h" />
    <ClInclude Include="external\imgui\core\imconfig.h" />
    <ClInclude Include="external\imgui\core\imgui.h" />
    <ClInclude Include="external\imgui\core\imgui_internal.h" />
    <ClInclude Include="include\Rendering\Camera.h" />
    <ClInclude Include="include\Debug\DebugUI.h" />
    <ClInclude Include="include\Debug\DebugUIContext.h" />
    <ClInclude Include="include\Debug\PhysicsDebugView.h" />
    <ClInclude Include="include\Debug\SceneDebugCommands.h" />
    <ClInclude Include="include\Debug\TimeDebugView.h" />
    <ClInclude Include="include\Core\Engine.h" />
    <ClInclude Include="include\Input\CameraController.h" />
    <ClInclude Include="include\Scene\GameObject.h" />
    <ClInclude Include="include\Core\GameTime.h" />
    <ClInclude Include="include\Input\Input.h" />
    <ClInclude Include="include\Rendering\Mesh.h" />
    <ClInclude Include="include\Physics\Physics.h" />
    <ClInclude Include="include\UI\Raycast.h" />
    <ClInclude Include="include\Rendering\Renderer.h" />
    <ClInclude Include="include\Scene\Scene.h" />
    <ClInclude Include="include\Rendering\Texture.h" />
    <ClInclude Include="include\Scene\Transform.h" />
    <ClInclude Include="include\Physics\PhysicsMaterial.h" />
    <ClInclude Include="include\Misc\FileUtils.h" />
    <ClInclude Include="include\Scene\Component.h" />
    <ClInclude Include="include\Scene\TransformComponent.h" />
    <ClInclude Include="include\Scene\PhysicsComponent.h" />
    <ClInclude Include="include\Scene\RenderComponent.h" />
    <ClInclude Include="include\Editor\Gizmo.h" />
    <ClInclude Include="include\Rendering\DirectionalLight.h" />
    <ClInclude Include="include\Physics\SpatialGrid.h" />
    <ClInclude Include="include\Rendering\Cubemap.h" />
    <ClInclude Include="include\Rendering\Skybox.h" />
    <ClInclude Include="include\Debug\LightingDebugCommands.h" />
    <ClInclude Include="include\Physics\Constraintparams.h" />
    <ClInclude Include="include\Physics\Constraint.h" />
    <ClInclude Include="include\Physics\ConstraintPreset.h" />
    <ClInclude Include="include\Physics\Constraintregistry.h" />
    <ClInclude Include="include\Debug\ConstraintDebugView.h" />
    <ClInclude Include="include\Debug\ConstraintDebugCommands.h" />
    <ClInclude Include="include\Physics\PhysicsQuery.h" />
    <ClInclude Include="external\imgui\core\imstb_truetype.h" />
    <ClInclude Include="external\imgui\backends\imgui_impl_opengl3_loader.h" />
    <ClInclude Include="external\imgui\core\imstb_rectpack.h" />
    <ClInclude Include="external\imgui\core\imstb_textedit.h" />
  </ItemGroup>
  <ItemGroup>
    <None Include=".gitignore" />
    <None Include="imgui.ini" />
    <None Include="shaders\basic.frag" />
    <None Include="shaders\basic.vert" />
    <None Include="shaders\skybox.frag" />
    <None Include="shaders\skybox.vert" />
  </ItemGroup>
  <ItemGroup>
    <Text Include="CMakeLists.txt" />
  </ItemGroup>
  <ItemGroup>
    <Object Include="models\spyro.obj" />
  </ItemGroup>
</Project>